{
  "name": "@mem9/opencode",
  "version": "0.1.0",
  "lockfileVersion": 3,
  "requires": true,
  "packages": {
    "": {
      "name": "@mem9/opencode",
      "version": "0.1.0",
      "license": "Apache-2.0",
      "dependencies": {
        "@opencode-ai/plugin": "1.2.15"
      },
      "devDependencies": {
        "@types/node": "^25.3.3",
        "typescript": "^5.8.0"
      }
    },
    "node_modules/@opencode-ai/plugin": {
      "version": "1.2.15",
      "resolved": "https://registry.npmjs.org/@opencode-ai/plugin/-/plugin-1.2.15.tgz",
      "integrity": "sha512-mh9S05W+CZZmo6q3uIEBubS66QVgiev7fRafX7vemrCfz+3pEIkSwipLjU/sxIewC9yLiDWLqS73DH/iEQzVDw==",
      "license": "MIT",
      "dependencies": {
        "@opencode-ai/sdk": "1.2.15",
        "zod": "4.1.8"
      }
    },
    "node_modules/@opencode-ai/sdk": {
      "version": "1.2.15",
      "resolved": "https://registry.npmjs.org/@opencode-ai/sdk/-/sdk-1.2.15.tgz",
      "integrity": "sha512-NUJNlyBCdZ4R0EBLjJziEQOp2XbRPJosaMcTcWSWO5XJPKGUpz0u8ql+5cR8K+v2RJ+hp2NobtNwpjEYfe6BRQ==",
      "license": "MIT"
    },
    "node_modules/@types/node": {
      "version": "25.3.3",
      "resolved": "https://registry.npmjs.org/@types/node/-/node-25.3.3.tgz",
      "integrity": "sha512-DpzbrH7wIcBaJibpKo9nnSQL0MTRdnWttGyE5haGwK86xgMOkFLp7vEyfQPGLOJh5wNYiJ3V9PmUMDhV9u8kkQ==",
      "dev": true,
      "license": "MIT",
      "dependencies": {
        "undici-types": "~7.18.0"
      }
    },
    "node_modules/typescript": {
      "version": "5.9.3",
      "resolved": "https://registry.npmjs.org/typescript/-/typescript-5.9.3.tgz",
      "integrity": "sha512-jl1vZzPDinLr9eUt3J/t7V6FgNEw9QjvBPdysz9KfQDD41fQrC2Y4vKQdiaUpFT4bXlb1RHhLpp8wtm6M5TgSw==",
      "dev": true,
      "license": "Apache-2.0",
      "bin": {
        "tsc": "bin/tsc",
        "tsserver": "bin/tsserver"
      },
      "engines": {
        "node": ">=14.17"
      }
    },
    "node_modules/undici-types": {
      "version": "7.18.2",
      "resolved": "https://registry.npmjs.org/undici-types/-/undici-types-7.18.2.tgz",
      "integrity": "sha512-AsuCzffGHJybSaRrmr5eHr81mwJU3kjw6M+uprWvCXiNeN9SOGwQ3Jn8jb8m3Z6izVgknn1R0FTCEAP2QrLY/w==",
      "dev": true,
      "license": "MIT"
    },
    "node_modules/zod": {
      "version": "4.1.8",
      "resolved": "https://registry.npmjs.org/zod/-/zod-4.1.8.tgz",
      "integrity": "sha512-5R1P+WwQqmmMIEACyzSvo4JXHY5WiAFHRMg+zBZKgKS+Q1viRa0C1hmUKtHltoIFKtIdki3pRxkmpP74jnNYHQ==",
      "license": "MIT",
      "funding": {
        "url": "https://github.com/sponsors/colinhacks"
      }
    }
  }
}
